// !$*UTF8*$!
{
	archiveVersion = 1;
	classes = {
	};
	objectVersion = 50;
	objects = {

/* Begin PBXBuildFile section */
		C314EB8C2159E84800943732 /* AppDelegate.swift in Sources */ = {isa = PBXBuildFile; fileRef = C314EB8B2159E84800943732 /* AppDelegate.swift */; };
		C314EB8E2159E84800943732 /* CameraViewController.swift in Sources */ = {isa = PBXBuildFile; fileRef = C314EB8D2159E84800943732 /* CameraViewController.swift */; };
		C314EB912159E84800943732 /* Main.storyboard in Resources */ = {isa = PBXBuildFile; fileRef = C314EB8F2159E84800943732 /* Main.storyboard */; };
		C314EB932159E85100943732 /* Assets.xcassets in Resources */ = {isa = PBXBuildFile; fileRef = C314EB922159E85100943732 /* Assets.xcassets */; };
		C314EB962159E85100943732 /* LaunchScreen.storyboard in Resources */ = {isa = PBXBuildFile; fileRef = C314EB942159E85100943732 /* LaunchScreen.storyboard */; };
		C314EBA72159F28600943732 /* exView.swift in Sources */ = {isa = PBXBuildFile; fileRef = C314EBA32159F28500943732 /* exView.swift */; };
		C314EBA82159F28600943732 /* exImage.swift in Sources */ = {isa = PBXBuildFile; fileRef = C314EBA42159F28600943732 /* exImage.swift */; };
		C314EBA92159F28600943732 /* exUITableHeaderView.swift in Sources */ = {isa = PBXBuildFile; fileRef = C314EBA52159F28600943732 /* exUITableHeaderView.swift */; };
		C314EBAA2159F28600943732 /* exString.swift in Sources */ = {isa = PBXBuildFile; fileRef = C314EBA62159F28600943732 /* exString.swift */; };
		C33715A3215A02E200DAFF32 /* SqueezeNet.mlmodel in Sources */ = {isa = PBXBuildFile; fileRef = C33715A2215A02E200DAFF32 /* SqueezeNet.mlmodel */; };
/* End PBXBuildFile section */

/* Begin PBXFileReference section */
		C314EB882159E84800943732 /* Vision Detection.app */ = {isa = PBXFileReference; explicitFileType = wrapper.application; includeInIndex = 0; path = "Vision Detection.app"; sourceTree = BUILT_PRODUCTS_DIR; };
		C314EB8B2159E84800943732 /* AppDelegate.swift */ = {isa = PBXFileReference; lastKnownFileType = sourcecode.swift; path = AppDelegate.swift; sourceTree = "<group>"; };
		C314EB8D2159E84800943732 /* CameraViewController.swift */ = {isa = PBXFileReference; lastKnownFileType = sourcecode.swift; path = CameraViewController.swift; sourceTree = "<group>"; };
		C314EB902159E84800943732 /* Base */ = {isa = PBXFileReference; lastKnownFileType = file.storyboard; name = Base; path = Base.lproj/Main.storyboard; sourceTree = "<group>"; };
		C314EB922159E85100943732 /* Assets.xcassets */ = {isa = PBXFileReference; lastKnownFileType = folder.assetcatalog; path = Assets.xcassets; sourceTree = "<group>"; };
		C314EB952159E85100943732 /* Base */ = {isa = PBXFileReference; lastKnownFileType = file.storyboard; name = Base; path = Base.lproj/LaunchScreen.storyboard; sourceTree = "<group>"; };
		C314EB972159E85100943732 /* Info.plist */ = {isa = PBXFileReference; lastKnownFileType = text.plist.xml; path = Info.plist; sourceTree = "<group>"; };
		C314EBA32159F28500943732 /* exView.swift */ = {isa = PBXFileReference; fileEncoding = 4; lastKnownFileType = sourcecode.swift; path = exView.swift; sourceTree = "<group>"; };
		C314EBA42159F28600943732 /* exImage.swift */ = {isa = PBXFileReference; fileEncoding = 4; lastKnownFileType = sourcecode.swift; path = exImage.swift; sourceTree = "<group>"; };
		C314EBA52159F28600943732 /* exUITableHeaderView.swift */ = {isa = PBXFileReference; fileEncoding = 4; lastKnownFileType = sourcecode.swift; path = exUITableHeaderView.swift; sourceTree = "<group>"; };
		C314EBA62159F28600943732 /* exString.swift */ = {isa = PBXFileReference; fileEncoding = 4; lastKnownFileType = sourcecode.swift; path = exString.swift; sourceTree = "<group>"; };
		C33715A2215A02E200DAFF32 /* SqueezeNet.mlmodel */ = {isa = PBXFileReference; lastKnownFileType = file.mlmodel; path = SqueezeNet.mlmodel; sourceTree = "<group>"; };
/* End PBXFileReference section */

/* Begin PBXFrameworksBuildPhase section */
		C314EB852159E84800943732 /* Frameworks */ = {
			isa = PBXFrameworksBuildPhase;
			buildActionMask = 2147483647;
			files = (
			);
			runOnlyForDeploymentPostprocessing = 0;
		};
/* End PBXFrameworksBuildPhase section */

/* Begin PBXGroup section */
		C314EB7F2159E84700943732 = {
			isa = PBXGroup;
			children = (
				C314EB8A2159E84800943732 /* Vision Detection */,
				C314EB892159E84800943732 /* Products */,
			);
			sourceTree = "<group>";
		};
		C314EB892159E84800943732 /* Products */ = {
			isa = PBXGroup;
			children = (
				C314EB882159E84800943732 /* Vision Detection.app */,
			);
			name = Products;
			sourceTree = "<group>";
		};
		C314EB8A2159E84800943732 /* Vision Detection */ = {
			isa = PBXGroup;
			children = (
				C314EBA22159F25300943732 /* Extension */,
				C314EB9F2159E8CA00943732 /* Model */,
				C314EB9E2159E8C500943732 /* Controller */,
				C314EB9D2159E8C000943732 /* View */,
				C314EB8B2159E84800943732 /* AppDelegate.swift */,
				C314EB922159E85100943732 /* Assets.xcassets */,
				C314EB972159E85100943732 /* Info.plist */,
			);
			path = "Vision Detection";
			sourceTree = "<group>";
		};
		C314EB9D2159E8C000943732 /* View */ = {
			isa = PBXGroup;
			children = (
				C314EB8F2159E84800943732 /* Main.storyboard */,
				C314EB942159E85100943732 /* LaunchScreen.storyboard */,
			);
			path = View;
			sourceTree = "<group>";
		};
		C314EB9E2159E8C500943732 /* Controller */ = {
			isa = PBXGroup;
			children = (
				C314EB8D2159E84800943732 /* CameraViewController.swift */,
			);
			path = Controller;
			sourceTree = "<group>";
		};
		C314EB9F2159E8CA00943732 /* Model */ = {
			isa = PBXGroup;
			children = (
				C33715A2215A02E200DAFF32 /* SqueezeNet.mlmodel */,
			);
			path = Model;
			sourceTree = "<group>";
		};
		C314EBA22159F25300943732 /* Extension */ = {
			isa = PBXGroup;
			children = (
				C314EBA42159F28600943732 /* exImage.swift */,
				C314EBA62159F28600943732 /* exString.swift */,
				C314EBA52159F28600943732 /* exUITableHeaderView.swift */,
				C314EBA32159F28500943732 /* exView.swift */,
			);
			path = Extension;
			sourceTree = "<group>";
		};
/* End PBXGroup section */

/* Begin PBXNativeTarget section */
		C314EB872159E84800943732 /* Vision Detection */ = {
			isa = PBXNativeTarget;
			buildConfigurationList = C314EB9A2159E85100943732 /* Build configuration list for PBXNativeTarget "Vision Detection" */;
			buildPhases = (
				C314EB842159E84800943732 /* Sources */,
				C314EB852159E84800943732 /* Frameworks */,
				C314EB862159E84800943732 /* Resources */,
			);
			buildRules = (
			);
			dependencies = (
			);
			name = "Vision Detection";
			productName = "Vision Detection";
			productReference = C314EB882159E84800943732 /* Vision Detection.app */;
			productType = "com.apple.product-type.application";
		};
/* End PBXNativeTarget section */

/* Begin PBXProject section */
		C314EB802159E84700943732 /* Project object */ = {
			isa = PBXProject;
			attributes = {
				LastSwiftUpdateCheck = 0940;
				LastUpgradeCheck = 0940;
				ORGANIZATIONNAME = "Huy Trinh Duc";
				TargetAttributes = {
					C314EB872159E84800943732 = {
						CreatedOnToolsVersion = 9.4.1;
					};
				};
			};
			buildConfigurationList = C314EB832159E84700943732 /* Build configuration list for PBXProject "Vision Detection" */;
			compatibilityVersion = "Xcode 9.3";
			developmentRegion = en;
			hasScannedForEncodings = 0;
			knownRegions = (
				en,
				Base,
			);
			mainGroup = C314EB7F2159E84700943732;
			productRefGroup = C314EB892159E84800943732 /* Products */;
			projectDirPath = "";
			projectRoot = "";
			targets = (
				C314EB872159E84800943732 /* Vision Detection */,
			);
		};
/* End PBXProject section */

/* Begin PBXResourcesBuildPhase section */
		C314EB862159E84800943732 /* Resources */ = {
			isa = PBXResourcesBuildPhase;
			buildActionMask = 2147483647;
			files = (
				C314EB962159E85100943732 /* LaunchScreen.storyboard in Resources */,
				C314EB932159E85100943732 /* Assets.xcassets in Resources */,
				C314EB912159E84800943732 /* Main.storyboard in Resources */,
			);
			runOnlyForDeploymentPostprocessing = 0;
		};
/* End PBXResourcesBuildPhase section */

/* Begin PBXSourcesBuildPhase section */
		C314EB842159E84800943732 /* Sources */ = {
			isa = PBXSourcesBuildPhase;
			buildActionMask = 2147483647;
			files = (
				C314EBA82159F28600943732 /* exImage.swift in Sources */,
				C314EBA72159F28600943732 /* exView.swift in Sources */,
				C314EB8E2159E84800943732 /* CameraViewController.swift in Sources */,
				C33715A3215A02E200DAFF32 /* SqueezeNet.mlmodel in Sources */,
				C314EBAA2159F28600943732 /* exString.swift in Sources */,
				C314EBA92159F28600943732 /* exUITableHeaderView.swift in Sources */,
				C314EB8C2159E84800943732 /* AppDelegate.swift in Sources */,
			);
			runOnlyForDeploymentPostprocessing = 0;
		};
/* End PBXSourcesBuildPhase section */

/* Begin PBXVariantGroup section */
		C314EB8F2159E84800943732 /* Main.storyboard */ = {
			isa = PBXVariantGroup;
			children = (
				C314EB902159E84800943732 /* Base */,
			);
			name = Main.storyboard;
			sourceTree = "<group>";
		};
		C314EB942159E85100943732 /* LaunchScreen.storyboard */ = {
			isa = PBXVariantGroup;
			children = (
				C314EB952159E85100943732 /* Base */,
			);
			name = LaunchScreen.storyboard;
			sourceTree = "<group>";
		};
/* End PBXVariantGroup section */

/* Begin XCBuildConfiguration section */
		C314EB982159E85100943732 /* Debug */ = {
			isa = XCBuildConfiguration;
			buildSettings = {
				ALWAYS_SEARCH_USER_PATHS = NO;
				CLANG_ANALYZER_NONNULL = YES;
				CLANG_ANALYZER_NUMBER_OBJECT_CONVERSION = YES_AGGRESSIVE;
				CLANG_CXX_LANGUAGE_STANDARD = "gnu++14";
				CLANG_CXX_LIBRARY = "libc++";
				CLANG_ENABLE_MODULES = YES;
				CLANG_ENABLE_OBJC_ARC = YES;
				CLANG_ENABLE_OBJC_WEAK = YES;
				CLANG_WARN_BLOCK_CAPTURE_AUTORELEASING = YES;
				CLANG_WARN_BOOL_CONVERSION = YES;
				CLANG_WARN_COMMA = YES;
				CLANG_WARN_CONSTANT_CONVERSION = YES;
				CLANG_WARN_DEPRECATED_OBJC_IMPLEMENTATIONS = YES;
				CLANG_WARN_DIRECT_OBJC_ISA_USAGE = YES_ERROR;
				CLANG_WARN_DOCUMENTATION_COMMENTS = YES;
				CLANG_WARN_EMPTY_BODY = YES;
				CLANG_WARN_ENUM_CONVERSION = YES;
				CLANG_WARN_INFINITE_RECURSION = YES;
				CLANG_WARN_INT_CONVERSION = YES;
				CLANG_WARN_NON_LITERAL_NULL_CONVERSION = YES;
				CLANG_WARN_OBJC_IMPLICIT_RETAIN_SELF = YES;
				CLANG_WARN_OBJC_LITERAL_CONVERSION = YES;
				CLANG_WARN_OBJC_ROOT_CLASS = YES_ERROR;
				CLANG_WARN_RANGE_LOOP_ANALYSIS = YES;
				CLANG_WARN_STRICT_PROTOTYPES = YES;
				CLANG_WARN_SUSPICIOUS_MOVE = YES;
				CLANG_WARN_UNGUARDED_AVAILABILITY = YES_AGGRESSIVE;
				CLANG_WARN_UNREACHABLE_CODE = YES;
				CLANG_WARN__DUPLICATE_METHOD_MATCH = YES;
				CODE_SIGN_IDENTITY = "iPhone Developer";
				COPY_PHASE_STRIP = NO;
				DEBUG_INFORMATION_FORMAT = dwarf;
				ENABLE_STRICT_OBJC_MSGSEND = YES;
				ENABLE_TESTABILITY = YES;
				GCC_C_LANGUAGE_STANDARD = gnu11;
				GCC_DYNAMIC_NO_PIC = NO;
				GCC_NO_COMMON_BLOCKS = YES;
				GCC_OPTIMIZATION_LEVEL = 0;
				GCC_PREPROCESSOR_DEFINITIONS = (
					"DEBUG=1",
					"$(inherited)",
				);
				GCC_WARN_64_TO_32_BIT_CONVERSION = YES;
				GCC_WARN_ABOUT_RETURN_TYPE = YES_ERROR;
				GCC_WARN_UNDECLARED_SELECTOR = YES;
				GCC_WARN_UNINITIALIZED_AUTOS = YES_AGGRESSIVE;
				GCC_WARN_UNUSED_FUNCTION = YES;
				GCC_WARN_UNUSED_VARIABLE = YES;
				IPHONEOS_DEPLOYMENT_TARGET = 11.0;
				MTL_ENABLE_DEBUG_INFO = YES;
				ONLY_ACTIVE_ARCH = YES;
				SDKROOT = iphoneos;
				SWIFT_ACTIVE_COMPILATION_CONDITIONS = DEBUG;
				SWIFT_OPTIMIZATION_LEVEL = "-Onone";
			};
			name = Debug;
		};
		C314EB992159E85100943732 /* Release */ = {
			isa = XCBuildConfiguration;
			buildSettings = {
				ALWAYS_SEARCH_USER_PATHS = NO;
				CLANG_ANALYZER_NONNULL = YES;
				CLANG_ANALYZER_NUMBER_OBJECT_CONVERSION = YES_AGGRESSIVE;
				CLANG_CXX_LANGUAGE_STANDARD = "gnu++14";
				CLANG_CXX_LIBRARY = "libc++";
				CLANG_ENABLE_MODULES = YES;
				CLANG_ENABLE_OBJC_ARC = YES;
				CLANG_ENABLE_OBJC_WEAK = YES;
				CLANG_WARN_BLOCK_CAPTURE_AUTORELEASING = YES;
				CLANG_WARN_BOOL_CONVERSION = YES;
				CLANG_WARN_COMMA = YES;
				CLANG_WARN_CONSTANT_CONVERSION = YES;
				CLANG_WARN_DEPRECATED_OBJC_IMPLEMENTATIONS = YES;
				CLANG_WARN_DIRECT_OBJC_ISA_USAGE = YES_ERROR;
				CLANG_WARN_DOCUMENTATION_COMMENTS = YES;
				CLANG_WARN_EMPTY_BODY = YES;
				CLANG_WARN_ENUM_CONVERSION = YES;
				CLANG_WARN_INFINITE_RECURSION = YES;
				CLANG_WARN_INT_CONVERSION = YES;
				CLANG_WARN_NON_LITERAL_NULL_CONVERSION = YES;
				CLANG_WARN_OBJC_IMPLICIT_RETAIN_SELF = YES;
				CLANG_WARN_OBJC_LITERAL_CONVERSION = YES;
				CLANG_WARN_OBJC_ROOT_CLASS = YES_ERROR;
				CLANG_WARN_RANGE_LOOP_ANALYSIS = YES;
				CLANG_WARN_STRICT_PROTOTYPES = YES;
				CLANG_WARN_SUSPICIOUS_MOVE = YES;
				CLANG_WARN_UNGUARDED_AVAILABILITY = YES_AGGRESSIVE;
				CLANG_WARN_UNREACHABLE_CODE = YES;
				CLANG_WARN__DUPLICATE_METHOD_MATCH = YES;
				CODE_SIGN_IDENTITY = "iPhone Developer";
				COPY_PHASE_STRIP = NO;
				DEBUG_INFORMATION_FORMAT = "dwarf-with-dsym";
				ENABLE_NS_ASSERTIONS = NO;
				ENABLE_STRICT_OBJC_MSGSEND = YES;
				GCC_C_LANGUAGE_STANDARD = gnu11;
				GCC_NO_COMMON_BLOCKS = YES;
				GCC_WARN_64_TO_32_BIT_CONVERSION = YES;
				GCC_WARN_ABOUT_RETURN_TYPE = YES_ERROR;
				GCC_WARN_UNDECLARED_SELECTOR = YES;
				GCC_WARN_UNINITIALIZED_AUTOS = YES_AGGRESSIVE;
				GCC_WARN_UNUSED_FUNCTION = YES;
				GCC_WARN_UNUSED_VARIABLE = YES;
				IPHONEOS_DEPLOYMENT_TARGET = 11.0;
				MTL_ENABLE_DEBUG_INFO = NO;
				SDKROOT = iphoneos;
				SWIFT_COMPILATION_MODE = wholemodule;
				SWIFT_OPTIMIZATION_LEVEL = "-O";
				VALIDATE_PRODUCT = YES;
			};
			name = Release;
		};
		C314EB9B2159E85100943732 /* Debug */ = {
			isa = XCBuildConfiguration;
			buildSettings = {
				ASSETCATALOG_COMPILER_APPICON_NAME = AppIcon;
				CODE_SIGN_STYLE = Manual;
				DEVELOPMENT_TEAM = 4MJKWK33YR;
				INFOPLIST_FILE = "Vision Detection/Info.plist";
				IPHONEOS_DEPLOYMENT_TARGET = 11.0;
				LD_RUNPATH_SEARCH_PATHS = (
					"$(inherited)",
					"@executable_path/Frameworks",
				);
				PRODUCT_BUNDLE_IDENTIFIER = "com.vn.entergroup.Vision-Detection";
				PRODUCT_NAME = "$(TARGET_NAME)";
				PROVISIONING_PROFILE = "6a30d3c3-f64b-4e72-8a44-d1dee1a06894";
				PROVISIONING_PROFILE_SPECIFIER = "enter group vn";
				SWIFT_VERSION = 4.0;
				TARGETED_DEVICE_FAMILY = "1,2";
			};
			name = Debug;
		};
		C314EB9C2159E85100943732 /* Release */ = {
			isa = XCBuildConfiguration;
			buildSettings = {
				ASSETCATALOG_COMPILER_APPICON_NAME = AppIcon;
				CODE_SIGN_STYLE = Manual;
				DEVELOPMENT_TEAM = 4MJKWK33YR;
				INFOPLIST_FILE = "Vision Detection/Info.plist";
				IPHONEOS_DEPLOYMENT_TARGET = 11.0;
				LD_RUNPATH_SEARCH_PATHS = (
					"$(inherited)",
					"@executable_path/Frameworks",
				);
				PRODUCT_BUNDLE_IDENTIFIER = "com.vn.entergroup.Vision-Detection";
				PRODUCT_NAME = "$(TARGET_NAME)";
				PROVISIONING_PROFILE = "6a30d3c3-f64b-4e72-8a44-d1dee1a06894";
				PROVISIONING_PROFILE_SPECIFIER = "enter group vn";
				SWIFT_VERSION = 4.0;
				TARGETED_DEVICE_FAMILY = "1,2";
			};
			name = Release;
		};
/* End XCBuildConfiguration section */

/* Begin XCConfigurationList section */
		C314EB832159E84700943732 /* Build configuration list for PBXProject "Vision Detection" */ = {
			isa = XCConfigurationList;
			buildConfigurations = (
				C314EB982159E85100943732 /* Debug */,
				C314EB992159E85100943732 /* Release */,
			);
			defaultConfigurationIsVisible = 0;
			defaultConfigurationName = Release;
		};
		C314EB9A2159E85100943732 /* Build configuration list for PBXNativeTarget "Vision Detection" */ = {
			isa = XCConfigurationList;
			buildConfigurations = (
				C314EB9B2159E85100943732 /* Debug */,
				C314EB9C2159E85100943732 /* Release */,
			);
			defaultConfigurationIsVisible = 0;
			defaultConfigurationName = Release;
		};
/* End XCConfigurationList section */
	};
	rootObject = C314EB802159E84700943732 /* Project object */;
}
